<?xml version="1.0" encoding="UTF-8" standalone="yes" ?>
<CodeBlocks_project_file>
	<FileVersion major="1" minor="6" />
	<Project>
		<Option title="Finalcpp" />
		<Option pch_mode="2" />
		<Option compiler="gcc" />
		<Build>
			<Target title="Debug">
				<Option output="bin/Debug/Finalcpp" prefix_auto="1" extension_auto="1" />
				<Option working_dir="D:/softwareinstfile/CodeBlocks/MinGW/bin" />
				<Option object_output="obj/Debug/" />
				<Option type="1" />
				<Option compiler="gcc" />
				<Compiler>
					<Add option="-g" />
				</Compiler>
			</Target>
			<Target title="Release">
				<Option output="bin/Release/Finalcpp" prefix_auto="1" extension_auto="1" />
				<Option working_dir="D:/softwareinstfile/CodeBlocks/MinGW/bin" />
				<Option object_output="obj/Release/" />
				<Option type="0" />
				<Option compiler="gcc" />
				<Compiler>
					<Add option="-O2" />
				</Compiler>
				<Linker>
					<Add option="-s" />
				</Linker>
			</Target>
		</Build>
		<Compiler>
			<Add option="-Wall" />
			<Add directory="D:/softwareinstfile/CodeBlocks/MinGW/include" />
		</Compiler>
		<Linker>
			<Add library="freeglut" />
			<Add library="opengl32" />
			<Add library="glu32" />
			<Add library="winmm" />
			<Add library="gdi32" />
			<Add directory="D:/softwareinstfile/CodeBlocks/MinGW/lib" />
		</Linker>
		<Unit filename="background.cpp" />
		<Unit filename="background.h" />
		<Unit filename="bullet.cpp" />
		<Unit filename="bullet.h" />
		<Unit filename="character.cpp" />
		<Unit filename="character.h" />
		<Unit filename="collision.cpp" />
		<Unit filename="collision.h" />
		<Unit filename="color.h" />
		<Unit filename="control.cpp" />
		<Unit filename="control.h" />
		<Unit filename="controller.cpp" />
		<Unit filename="controller.h" />
		<Unit filename="main.cpp" />
		<Unit filename="particles.cpp" />
		<Unit filename="particles.h" />
		<Unit filename="shapes.cpp" />
		<Unit filename="shapes.h" />
		<Unit filename="text.cpp" />
		<Unit filename="text.h" />
		<Extensions>
			<code_completion />
			<envvars />
			<debugger />
			<lib_finder disable_auto="1" />
		</Extensions>
	</Project>
</CodeBlocks_project_file>
